
Microsoft Visual Studio Solution File, Format Version 12.00
# Visual Studio Version 17
VisualStudioVersion = 17.7.33711.374
MinimumVisualStudioVersion = 10.0.40219.1
Project("{FAE04EC0-301F-11D3-BF4B-00C04F79EFBC}") = "LinkedListExample", "LinkedListExample\LinkedListExample.csproj", "{DD681465-E77D-4630-8769-041E639F640D}"
EndProject
Global
	GlobalSection(SolutionConfigurationPlatforms) = preSolution
		Debug|Any CPU = Debug|Any CPU
		Release|Any CPU = Release|Any CPU
	EndGlobalSection
	GlobalSection(ProjectConfigurationPlatforms) = postSolution
		{DD681465-E77D-4630-8769-041E639F640D}.Debug|Any CPU.ActiveCfg = Debug|Any CPU
		{DD681465-E77D-4630-8769-041E639F640D}.Debug|Any CPU.Build.0 = Debug|Any CPU
		{DD681465-E77D-4630-8769-041E639F640D}.Release|Any CPU.ActiveCfg = Release|Any CPU
		{DD681465-E77D-4630-8769-041E639F640D}.Release|Any CPU.Build.0 = Release|Any CPU
	EndGlobalSection
	GlobalSection(SolutionProperties) = preSolution
		HideSolutionNode = FALSE
	EndGlobalSection
	GlobalSection(ExtensibilityGlobals) = postSolution
		SolutionGuid = {1AE4BC34-880F-46DD-9555-9C5ECF4593B8}
	EndGlobalSection
EndGlobal
